
Microsoft Visual Studio Solution File, Format Version 12.00
# Visual Studio Version 17
VisualStudioVersion = 17.8.34408.163
MinimumVisualStudioVersion = 10.0.40219.1
Project("{FAE04EC0-301F-11D3-BF4B-00C04F79EFBC}") = "prj01", "prj01\prj01.csproj", "{2847D8E3-62A5-4AA5-910A-8889CBF0A8EE}"
EndProject
Global
	GlobalSection(SolutionConfigurationPlatforms) = preSolution
		Debug|Any CPU = Debug|Any CPU
		Release|Any CPU = Release|Any CPU
	EndGlobalSection
	GlobalSection(ProjectConfigurationPlatforms) = postSolution
		{2847D8E3-62A5-4AA5-910A-8889CBF0A8EE}.Debug|Any CPU.ActiveCfg = Debug|Any CPU
		{2847D8E3-62A5-4AA5-910A-8889CBF0A8EE}.Debug|Any CPU.Build.0 = Debug|Any CPU
		{2847D8E3-62A5-4AA5-910A-8889CBF0A8EE}.Release|Any CPU.ActiveCfg = Release|Any CPU
		{2847D8E3-62A5-4AA5-910A-8889CBF0A8EE}.Release|Any CPU.Build.0 = Release|Any CPU
	EndGlobalSection
	GlobalSection(SolutionProperties) = preSolution
		HideSolutionNode = FALSE
	EndGlobalSection
	GlobalSection(ExtensibilityGlobals) = postSolution
		SolutionGuid = {02E68B79-61B6-4A86-B678-E93FA131C510}
	EndGlobalSection
EndGlobal
